
Microsoft Visual Studio Solution File, Format Version 12.00
# Visual Studio Version 17
VisualStudioVersion = 17.3.32929.385
MinimumVisualStudioVersion = 10.0.40219.1
Project("{FAE04EC0-301F-11D3-BF4B-00C04F79EFBC}") = "To-Do Widget", "To-Do Widget\To-Do Widget.csproj", "{5AA6727C-C409-4296-81A5-9BE35C1448D8}"
EndProject
Global
	GlobalSection(SolutionConfigurationPlatforms) = preSolution
		Debug|Any CPU = Debug|Any CPU
		Release|Any CPU = Release|Any CPU
	EndGlobalSection
	GlobalSection(ProjectConfigurationPlatforms) = postSolution
		{5AA6727C-C409-4296-81A5-9BE35C1448D8}.Debug|Any CPU.ActiveCfg = Debug|Any CPU
		{5AA6727C-C409-4296-81A5-9BE35C1448D8}.Debug|Any CPU.Build.0 = Debug|Any CPU
		{5AA6727C-C409-4296-81A5-9BE35C1448D8}.Release|Any CPU.ActiveCfg = Release|Any CPU
		{5AA6727C-C409-4296-81A5-9BE35C1448D8}.Release|Any CPU.Build.0 = Release|Any CPU
	EndGlobalSection
	GlobalSection(SolutionProperties) = preSolution
		HideSolutionNode = FALSE
	EndGlobalSection
	GlobalSection(ExtensibilityGlobals) = postSolution
		SolutionGuid = {14A4D97E-D515-4D6A-8474-27AACA158438}
	EndGlobalSection
EndGlobal
